
Microsoft Visual Studio Solution File, Format Version 12.00
# Visual Studio Version 16
VisualStudioVersion = 16.0.30621.155
MinimumVisualStudioVersion = 10.0.40219.1
Project("{FAE04EC0-301F-11D3-BF4B-00C04F79EFBC}") = "Boolean", "Boolean\Boolean.csproj", "{B17658D9-D7D0-437F-A14F-D9BC8E5EBFA3}"
EndProject
Global
	GlobalSection(SolutionConfigurationPlatforms) = preSolution
		Debug|Any CPU = Debug|Any CPU
		Release|Any CPU = Release|Any CPU
	EndGlobalSection
	GlobalSection(ProjectConfigurationPlatforms) = postSolution
		{B17658D9-D7D0-437F-A14F-D9BC8E5EBFA3}.Debug|Any CPU.ActiveCfg = Debug|Any CPU
		{B17658D9-D7D0-437F-A14F-D9BC8E5EBFA3}.Debug|Any CPU.Build.0 = Debug|Any CPU
		{B17658D9-D7D0-437F-A14F-D9BC8E5EBFA3}.Release|Any CPU.ActiveCfg = Release|Any CPU
		{B17658D9-D7D0-437F-A14F-D9BC8E5EBFA3}.Release|Any CPU.Build.0 = Release|Any CPU
	EndGlobalSection
	GlobalSection(SolutionProperties) = preSolution
		HideSolutionNode = FALSE
	EndGlobalSection
	GlobalSection(ExtensibilityGlobals) = postSolution
		SolutionGuid = {FB5E34E4-AA48-4448-BC28-337ECC4EE199}
	EndGlobalSection
EndGlobal
