
Microsoft Visual Studio Solution File, Format Version 12.00
# Visual Studio Version 16
VisualStudioVersion = 16.0.30621.155
MinimumVisualStudioVersion = 10.0.40219.1
Project("{FAE04EC0-301F-11D3-BF4B-00C04F79EFBC}") = "Math", "Math\Math.csproj", "{B2C01AE7-F8DF-4AFD-808F-E1207A8338E5}"
EndProject
Global
	GlobalSection(SolutionConfigurationPlatforms) = preSolution
		Debug|Any CPU = Debug|Any CPU
		Release|Any CPU = Release|Any CPU
	EndGlobalSection
	GlobalSection(ProjectConfigurationPlatforms) = postSolution
		{B2C01AE7-F8DF-4AFD-808F-E1207A8338E5}.Debug|Any CPU.ActiveCfg = Debug|Any CPU
		{B2C01AE7-F8DF-4AFD-808F-E1207A8338E5}.Debug|Any CPU.Build.0 = Debug|Any CPU
		{B2C01AE7-F8DF-4AFD-808F-E1207A8338E5}.Release|Any CPU.ActiveCfg = Release|Any CPU
		{B2C01AE7-F8DF-4AFD-808F-E1207A8338E5}.Release|Any CPU.Build.0 = Release|Any CPU
	EndGlobalSection
	GlobalSection(SolutionProperties) = preSolution
		HideSolutionNode = FALSE
	EndGlobalSection
	GlobalSection(ExtensibilityGlobals) = postSolution
		SolutionGuid = {0F084FE1-3B75-4398-AFEF-42B6A0697ED1}
	EndGlobalSection
EndGlobal
