
Microsoft Visual Studio Solution File, Format Version 12.00
# Visual Studio Version 16
VisualStudioVersion = 16.0.30621.155
MinimumVisualStudioVersion = 10.0.40219.1
Project("{FAE04EC0-301F-11D3-BF4B-00C04F79EFBC}") = "String", "String\String.csproj", "{829FCFFC-7994-4C0F-8582-2C4CFB2C0BED}"
EndProject
Global
	GlobalSection(SolutionConfigurationPlatforms) = preSolution
		Debug|Any CPU = Debug|Any CPU
		Release|Any CPU = Release|Any CPU
	EndGlobalSection
	GlobalSection(ProjectConfigurationPlatforms) = postSolution
		{829FCFFC-7994-4C0F-8582-2C4CFB2C0BED}.Debug|Any CPU.ActiveCfg = Debug|Any CPU
		{829FCFFC-7994-4C0F-8582-2C4CFB2C0BED}.Debug|Any CPU.Build.0 = Debug|Any CPU
		{829FCFFC-7994-4C0F-8582-2C4CFB2C0BED}.Release|Any CPU.ActiveCfg = Release|Any CPU
		{829FCFFC-7994-4C0F-8582-2C4CFB2C0BED}.Release|Any CPU.Build.0 = Release|Any CPU
	EndGlobalSection
	GlobalSection(SolutionProperties) = preSolution
		HideSolutionNode = FALSE
	EndGlobalSection
	GlobalSection(ExtensibilityGlobals) = postSolution
		SolutionGuid = {6374ACB9-D0E1-47B3-8DF3-75D12C3C8950}
	EndGlobalSection
EndGlobal
