
Microsoft Visual Studio Solution File, Format Version 12.00
# Visual Studio Version 16
VisualStudioVersion = 16.0.30621.155
MinimumVisualStudioVersion = 10.0.40219.1
Project("{FAE04EC0-301F-11D3-BF4B-00C04F79EFBC}") = "OOP", "OOP\OOP.csproj", "{37CD5778-9BAA-4E3B-BC9F-5762B6FBC8BB}"
EndProject
Global
	GlobalSection(SolutionConfigurationPlatforms) = preSolution
		Debug|Any CPU = Debug|Any CPU
		Release|Any CPU = Release|Any CPU
	EndGlobalSection
	GlobalSection(ProjectConfigurationPlatforms) = postSolution
		{37CD5778-9BAA-4E3B-BC9F-5762B6FBC8BB}.Debug|Any CPU.ActiveCfg = Debug|Any CPU
		{37CD5778-9BAA-4E3B-BC9F-5762B6FBC8BB}.Debug|Any CPU.Build.0 = Debug|Any CPU
		{37CD5778-9BAA-4E3B-BC9F-5762B6FBC8BB}.Release|Any CPU.ActiveCfg = Release|Any CPU
		{37CD5778-9BAA-4E3B-BC9F-5762B6FBC8BB}.Release|Any CPU.Build.0 = Release|Any CPU
	EndGlobalSection
	GlobalSection(SolutionProperties) = preSolution
		HideSolutionNode = FALSE
	EndGlobalSection
	GlobalSection(ExtensibilityGlobals) = postSolution
		SolutionGuid = {ABAA5C69-4379-4311-B436-7EF880837698}
	EndGlobalSection
EndGlobal
